
Microsoft Visual Studio Solution File, Format Version 12.00
# Visual Studio Version 17
VisualStudioVersion = 17.11.35208.52
MinimumVisualStudioVersion = 10.0.40219.1
Project("{FAE04EC0-301F-11D3-BF4B-00C04F79EFBC}") = "01_MainSubjects", "01_MainSubjects\01_MainSubjects.csproj", "{2AA8D693-B99D-41F5-9FAD-F9112B004BDB}"
EndProject
Project("{FAE04EC0-301F-11D3-BF4B-00C04F79EFBC}") = "02_Variables", "02_Variables\02_Variables.csproj", "{EEC05448-9C90-432E-B0E3-34A8A46460D6}"
EndProject
Project("{FAE04EC0-301F-11D3-BF4B-00C04F79EFBC}") = "03_MakingDecision", "03_MakingDecision\03_MakingDecision.csproj", "{CEA908F0-5E3E-49FF-A800-C76DAC93DC36}"
EndProject
Project("{FAE04EC0-301F-11D3-BF4B-00C04F79EFBC}") = "04_Loops", "04_Loops\04_Loops.csproj", "{6F70DBBD-81E6-4476-B06B-5C3C0BD1BCF1}"
EndProject
Project("{FAE04EC0-301F-11D3-BF4B-00C04F79EFBC}") = "05_LoopsWithStars", "05_LoopsWithStars\05_LoopsWithStars.csproj", "{0DC310D5-CB57-4E1E-90B1-3BFCE2995FF8}"
EndProject
Project("{FAE04EC0-301F-11D3-BF4B-00C04F79EFBC}") = "06_Arrays", "06_Arrays\06_Arrays.csproj", "{7C6F492C-FA70-4158-9A84-0123522ADAB1}"
EndProject
Global
	GlobalSection(SolutionConfigurationPlatforms) = preSolution
		Debug|Any CPU = Debug|Any CPU
		Release|Any CPU = Release|Any CPU
	EndGlobalSection
	GlobalSection(ProjectConfigurationPlatforms) = postSolution
		{2AA8D693-B99D-41F5-9FAD-F9112B004BDB}.Debug|Any CPU.ActiveCfg = Debug|Any CPU
		{2AA8D693-B99D-41F5-9FAD-F9112B004BDB}.Debug|Any CPU.Build.0 = Debug|Any CPU
		{2AA8D693-B99D-41F5-9FAD-F9112B004BDB}.Release|Any CPU.ActiveCfg = Release|Any CPU
		{2AA8D693-B99D-41F5-9FAD-F9112B004BDB}.Release|Any CPU.Build.0 = Release|Any CPU
		{EEC05448-9C90-432E-B0E3-34A8A46460D6}.Debug|Any CPU.ActiveCfg = Debug|Any CPU
		{EEC05448-9C90-432E-B0E3-34A8A46460D6}.Debug|Any CPU.Build.0 = Debug|Any CPU
		{EEC05448-9C90-432E-B0E3-34A8A46460D6}.Release|Any CPU.ActiveCfg = Release|Any CPU
		{EEC05448-9C90-432E-B0E3-34A8A46460D6}.Release|Any CPU.Build.0 = Release|Any CPU
		{CEA908F0-5E3E-49FF-A800-C76DAC93DC36}.Debug|Any CPU.ActiveCfg = Debug|Any CPU
		{CEA908F0-5E3E-49FF-A800-C76DAC93DC36}.Debug|Any CPU.Build.0 = Debug|Any CPU
		{CEA908F0-5E3E-49FF-A800-C76DAC93DC36}.Release|Any CPU.ActiveCfg = Release|Any CPU
		{CEA908F0-5E3E-49FF-A800-C76DAC93DC36}.Release|Any CPU.Build.0 = Release|Any CPU
		{6F70DBBD-81E6-4476-B06B-5C3C0BD1BCF1}.Debug|Any CPU.ActiveCfg = Debug|Any CPU
		{6F70DBBD-81E6-4476-B06B-5C3C0BD1BCF1}.Debug|Any CPU.Build.0 = Debug|Any CPU
		{6F70DBBD-81E6-4476-B06B-5C3C0BD1BCF1}.Release|Any CPU.ActiveCfg = Release|Any CPU
		{6F70DBBD-81E6-4476-B06B-5C3C0BD1BCF1}.Release|Any CPU.Build.0 = Release|Any CPU
		{0DC310D5-CB57-4E1E-90B1-3BFCE2995FF8}.Debug|Any CPU.ActiveCfg = Debug|Any CPU
		{0DC310D5-CB57-4E1E-90B1-3BFCE2995FF8}.Debug|Any CPU.Build.0 = Debug|Any CPU
		{0DC310D5-CB57-4E1E-90B1-3BFCE2995FF8}.Release|Any CPU.ActiveCfg = Release|Any CPU
		{0DC310D5-CB57-4E1E-90B1-3BFCE2995FF8}.Release|Any CPU.Build.0 = Release|Any CPU
		{7C6F492C-FA70-4158-9A84-0123522ADAB1}.Debug|Any CPU.ActiveCfg = Debug|Any CPU
		{7C6F492C-FA70-4158-9A84-0123522ADAB1}.Debug|Any CPU.Build.0 = Debug|Any CPU
		{7C6F492C-FA70-4158-9A84-0123522ADAB1}.Release|Any CPU.ActiveCfg = Release|Any CPU
		{7C6F492C-FA70-4158-9A84-0123522ADAB1}.Release|Any CPU.Build.0 = Release|Any CPU
	EndGlobalSection
	GlobalSection(SolutionProperties) = preSolution
		HideSolutionNode = FALSE
	EndGlobalSection
	GlobalSection(ExtensibilityGlobals) = postSolution
		SolutionGuid = {3C8567F9-A4BB-4E48-B07B-A4F77EBE60A2}
	EndGlobalSection
EndGlobal
